
Microsoft Visual Studio Solution File, Format Version 12.00
# Visual Studio Version 17
VisualStudioVersion = 17.5.33502.453
MinimumVisualStudioVersion = 10.0.40219.1
Project("{9A19103F-16F7-4668-BE54-9A1E7A4F7556}") = "restaurantMVC", "restaurantMVC.csproj", "{CDD7183E-7153-41B5-BF29-CA2E4A00B0DF}"
EndProject
Project("{FAE04EC0-301F-11D3-BF4B-00C04F79EFBC}") = "restaurantAPI", "..\restaurantAPI\restaurantAPI.csproj", "{1A648DCC-A727-4BA9-B07E-BB2BFA21985B}"
EndProject
Project("{FAE04EC0-301F-11D3-BF4B-00C04F79EFBC}") = "Repositories", "..\Repositories\Repositories.csproj", "{1DDC51DF-F2D7-47CD-88DA-5BE71C8315CA}"
EndProject
Project("{FAE04EC0-301F-11D3-BF4B-00C04F79EFBC}") = "Services", "..\Services\Services.csproj", "{5B6ABC43-0CFB-4FC1-895E-E9BE70DF7223}"
EndProject
Project("{FAE04EC0-301F-11D3-BF4B-00C04F79EFBC}") = "Shared", "..\Shared\Shared.csproj", "{2D07DA10-76BA-43EC-8AFB-D44E7A762C24}"
EndProject
Global
	GlobalSection(SolutionConfigurationPlatforms) = preSolution
		Debug|Any CPU = Debug|Any CPU
		Release|Any CPU = Release|Any CPU
	EndGlobalSection
	GlobalSection(ProjectConfigurationPlatforms) = postSolution
		{CDD7183E-7153-41B5-BF29-CA2E4A00B0DF}.Debug|Any CPU.ActiveCfg = Debug|Any CPU
		{CDD7183E-7153-41B5-BF29-CA2E4A00B0DF}.Debug|Any CPU.Build.0 = Debug|Any CPU
		{CDD7183E-7153-41B5-BF29-CA2E4A00B0DF}.Release|Any CPU.ActiveCfg = Release|Any CPU
		{CDD7183E-7153-41B5-BF29-CA2E4A00B0DF}.Release|Any CPU.Build.0 = Release|Any CPU
		{1A648DCC-A727-4BA9-B07E-BB2BFA21985B}.Debug|Any CPU.ActiveCfg = Debug|Any CPU
		{1A648DCC-A727-4BA9-B07E-BB2BFA21985B}.Debug|Any CPU.Build.0 = Debug|Any CPU
		{1A648DCC-A727-4BA9-B07E-BB2BFA21985B}.Release|Any CPU.ActiveCfg = Release|Any CPU
		{1A648DCC-A727-4BA9-B07E-BB2BFA21985B}.Release|Any CPU.Build.0 = Release|Any CPU
		{1DDC51DF-F2D7-47CD-88DA-5BE71C8315CA}.Debug|Any CPU.ActiveCfg = Debug|Any CPU
		{1DDC51DF-F2D7-47CD-88DA-5BE71C8315CA}.Debug|Any CPU.Build.0 = Debug|Any CPU
		{1DDC51DF-F2D7-47CD-88DA-5BE71C8315CA}.Release|Any CPU.ActiveCfg = Release|Any CPU
		{1DDC51DF-F2D7-47CD-88DA-5BE71C8315CA}.Release|Any CPU.Build.0 = Release|Any CPU
		{5B6ABC43-0CFB-4FC1-895E-E9BE70DF7223}.Debug|Any CPU.ActiveCfg = Debug|Any CPU
		{5B6ABC43-0CFB-4FC1-895E-E9BE70DF7223}.Debug|Any CPU.Build.0 = Debug|Any CPU
		{5B6ABC43-0CFB-4FC1-895E-E9BE70DF7223}.Release|Any CPU.ActiveCfg = Release|Any CPU
		{5B6ABC43-0CFB-4FC1-895E-E9BE70DF7223}.Release|Any CPU.Build.0 = Release|Any CPU
		{2D07DA10-76BA-43EC-8AFB-D44E7A762C24}.Debug|Any CPU.ActiveCfg = Debug|Any CPU
		{2D07DA10-76BA-43EC-8AFB-D44E7A762C24}.Debug|Any CPU.Build.0 = Debug|Any CPU
		{2D07DA10-76BA-43EC-8AFB-D44E7A762C24}.Release|Any CPU.ActiveCfg = Release|Any CPU
		{2D07DA10-76BA-43EC-8AFB-D44E7A762C24}.Release|Any CPU.Build.0 = Release|Any CPU
	EndGlobalSection
	GlobalSection(SolutionProperties) = preSolution
		HideSolutionNode = FALSE
	EndGlobalSection
	GlobalSection(ExtensibilityGlobals) = postSolution
		SolutionGuid = {1A3303D2-CE39-4B6F-9E36-42B7A78ADAA9}
	EndGlobalSection
EndGlobal
